
Microsoft Visual Studio Solution File, Format Version 12.00
# Visual Studio Version 16
VisualStudioVersion = 16.0.31911.196
MinimumVisualStudioVersion = 10.0.40219.1
Project("{9A19103F-16F7-4668-BE54-9A1E7A4F7556}") = "Gestfac", "Gestfac\Gestfac.csproj", "{F1C35B99-F9D9-405F-BBD0-EB6BC068D6D4}"
EndProject
Global
	GlobalSection(SolutionConfigurationPlatforms) = preSolution
		Debug|Any CPU = Debug|Any CPU
		Debug|x64 = Debug|x64
		Debug|x86 = Debug|x86
		Release|Any CPU = Release|Any CPU
		Release|x64 = Release|x64
		Release|x86 = Release|x86
	EndGlobalSection
	GlobalSection(ProjectConfigurationPlatforms) = postSolution
		{F1C35B99-F9D9-405F-BBD0-EB6BC068D6D4}.Debug|Any CPU.ActiveCfg = Debug|Any CPU
		{F1C35B99-F9D9-405F-BBD0-EB6BC068D6D4}.Debug|Any CPU.Build.0 = Debug|Any CPU
		{F1C35B99-F9D9-405F-BBD0-EB6BC068D6D4}.Debug|x64.ActiveCfg = Debug|x64
		{F1C35B99-F9D9-405F-BBD0-EB6BC068D6D4}.Debug|x64.Build.0 = Debug|x64
		{F1C35B99-F9D9-405F-BBD0-EB6BC068D6D4}.Debug|x86.ActiveCfg = Debug|x86
		{F1C35B99-F9D9-405F-BBD0-EB6BC068D6D4}.Debug|x86.Build.0 = Debug|x86
		{F1C35B99-F9D9-405F-BBD0-EB6BC068D6D4}.Release|Any CPU.ActiveCfg = Release|Any CPU
		{F1C35B99-F9D9-405F-BBD0-EB6BC068D6D4}.Release|Any CPU.Build.0 = Release|Any CPU
		{F1C35B99-F9D9-405F-BBD0-EB6BC068D6D4}.Release|x64.ActiveCfg = Release|x64
		{F1C35B99-F9D9-405F-BBD0-EB6BC068D6D4}.Release|x64.Build.0 = Release|x64
		{F1C35B99-F9D9-405F-BBD0-EB6BC068D6D4}.Release|x86.ActiveCfg = Release|x86
		{F1C35B99-F9D9-405F-BBD0-EB6BC068D6D4}.Release|x86.Build.0 = Release|x86
	EndGlobalSection
	GlobalSection(SolutionProperties) = preSolution
		HideSolutionNode = FALSE
	EndGlobalSection
	GlobalSection(ExtensibilityGlobals) = postSolution
		SolutionGuid = {C3337707-3A99-4269-B168-D945A88C7704}
	EndGlobalSection
EndGlobal
